
Microsoft Visual Studio Solution File, Format Version 12.00
# Visual Studio Version 16
VisualStudioVersion = 16.0.28803.352
MinimumVisualStudioVersion = 10.0.40219.1
Project("{FAE04EC0-301F-11D3-BF4B-00C04F79EFBC}") = "testing", "testing\testing.csproj", "{D6752CB5-7892-4411-8E20-31EDCA9D1ADB}"
EndProject
Global
	GlobalSection(SolutionConfigurationPlatforms) = preSolution
		Debug|Any CPU = Debug|Any CPU
		Release|Any CPU = Release|Any CPU
	EndGlobalSection
	GlobalSection(ProjectConfigurationPlatforms) = postSolution
		{D6752CB5-7892-4411-8E20-31EDCA9D1ADB}.Debug|Any CPU.ActiveCfg = Debug|Any CPU
		{D6752CB5-7892-4411-8E20-31EDCA9D1ADB}.Debug|Any CPU.Build.0 = Debug|Any CPU
		{D6752CB5-7892-4411-8E20-31EDCA9D1ADB}.Release|Any CPU.ActiveCfg = Release|Any CPU
		{D6752CB5-7892-4411-8E20-31EDCA9D1ADB}.Release|Any CPU.Build.0 = Release|Any CPU
	EndGlobalSection
	GlobalSection(SolutionProperties) = preSolution
		HideSolutionNode = FALSE
	EndGlobalSection
	GlobalSection(ExtensibilityGlobals) = postSolution
		SolutionGuid = {65AF952B-9655-42C1-BC4D-60B855F44F72}
	EndGlobalSection
EndGlobal
